// !$*UTF8*$!
{
	archiveVersion = 1;
	classes = {
	};
	objectVersion = 77;
	objects = {

/* Begin PBXBuildFile section */
		B935E5FC2DC6718C0046FEBC /* Assets.xcassets in Resources */ = {isa = PBXBuildFile; fileRef = B935E5F52DC6718C0046FEBC /* Assets.xcassets */; };
		B935E5FE2DC6718C0046FEBC /* NUMapView.swift in Sources */ = {isa = PBXBuildFile; fileRef = B935E5F22DC6718C0046FEBC /* NUMapView.swift */; };
		B935E5FF2DC6718C0046FEBC /* AppDelegate.swift in Sources */ = {isa = PBXBuildFile; fileRef = B935E5F42DC6718C0046FEBC /* AppDelegate.swift */; };
		B935E6002DC6718C0046FEBC /* MapViewController.swift in Sources */ = {isa = PBXBuildFile; fileRef = B935E5F72DC6718C0046FEBC /* MapViewController.swift */; };
		B935E6012DC6718C0046FEBC /* NUMap.xcdatamodeld in Sources */ = {isa = PBXBuildFile; fileRef = B935E5F82DC6718C0046FEBC /* NUMap.xcdatamodeld */; };
		B935E6022DC6718C0046FEBC /* SceneDelegate.swift in Sources */ = {isa = PBXBuildFile; fileRef = B935E5F92DC6718C0046FEBC /* SceneDelegate.swift */; };
		B97A74F92DDF3874000B8F8B /* LocationButton.swift in Sources */ = {isa = PBXBuildFile; fileRef = B97A74F82DDF3867000B8F8B /* LocationButton.swift */; };
		B97A74FD2DDF43B6000B8F8B /* ListViewController.swift in Sources */ = {isa = PBXBuildFile; fileRef = B97A74FC2DDF43B2000B8F8B /* ListViewController.swift */; };
		B9A4D3512DC6C28E00AB48BF /* MenuButton.swift in Sources */ = {isa = PBXBuildFile; fileRef = B9A4D3502DC6C28700AB48BF /* MenuButton.swift */; };
		B9A4D3532DC6C8D600AB48BF /* BackgroundButtonView.swift in Sources */ = {isa = PBXBuildFile; fileRef = B9A4D3522DC6C8CE00AB48BF /* BackgroundButtonView.swift */; };
/* End PBXBuildFile section */

/* Begin PBXFileReference section */
		B935E5F22DC6718C0046FEBC /* NUMapView.swift */ = {isa = PBXFileReference; lastKnownFileType = sourcecode.swift; path = NUMapView.swift; sourceTree = "<group>"; };
		B935E5F42DC6718C0046FEBC /* AppDelegate.swift */ = {isa = PBXFileReference; lastKnownFileType = sourcecode.swift; path = AppDelegate.swift; sourceTree = "<group>"; };
		B935E5F52DC6718C0046FEBC /* Assets.xcassets */ = {isa = PBXFileReference; lastKnownFileType = folder.assetcatalog; path = Assets.xcassets; sourceTree = "<group>"; };
		B935E5F62DC6718C0046FEBC /* Info.plist */ = {isa = PBXFileReference; lastKnownFileType = text.plist.xml; path = Info.plist; sourceTree = "<group>"; };
		B935E5F72DC6718C0046FEBC /* MapViewController.swift */ = {isa = PBXFileReference; lastKnownFileType = sourcecode.swift; path = MapViewController.swift; sourceTree = "<group>"; };
		B935E5F92DC6718C0046FEBC /* SceneDelegate.swift */ = {isa = PBXFileReference; lastKnownFileType = sourcecode.swift; path = SceneDelegate.swift; sourceTree = "<group>"; };
		B935E5FB2DC6718C0046FEBC /* NUMap.xcdatamodel */ = {isa = PBXFileReference; lastKnownFileType = wrapper.xcdatamodel; path = NUMap.xcdatamodel; sourceTree = "<group>"; };
		B956C7E92D6A463400FF0D3A /* NUMap.app */ = {isa = PBXFileReference; explicitFileType = wrapper.application; includeInIndex = 0; path = NUMap.app; sourceTree = BUILT_PRODUCTS_DIR; };
		B97A74F82DDF3867000B8F8B /* LocationButton.swift */ = {isa = PBXFileReference; lastKnownFileType = sourcecode.swift; path = LocationButton.swift; sourceTree = "<group>"; };
		B97A74FC2DDF43B2000B8F8B /* ListViewController.swift */ = {isa = PBXFileReference; lastKnownFileType = sourcecode.swift; path = ListViewController.swift; sourceTree = "<group>"; };
		B9A4D3502DC6C28700AB48BF /* MenuButton.swift */ = {isa = PBXFileReference; lastKnownFileType = sourcecode.swift; path = MenuButton.swift; sourceTree = "<group>"; };
		B9A4D3522DC6C8CE00AB48BF /* BackgroundButtonView.swift */ = {isa = PBXFileReference; lastKnownFileType = sourcecode.swift; path = BackgroundButtonView.swift; sourceTree = "<group>"; };
/* End PBXFileReference section */

/* Begin PBXFrameworksBuildPhase section */
		B956C7E62D6A463400FF0D3A /* Frameworks */ = {
			isa = PBXFrameworksBuildPhase;
			buildActionMask = 2147483647;
			files = (
			);
			runOnlyForDeploymentPostprocessing = 0;
		};
/* End PBXFrameworksBuildPhase section */

/* Begin PBXGroup section */
		B935E5F32DC6718C0046FEBC /* View */ = {
			isa = PBXGroup;
			children = (
				B97A74F82DDF3867000B8F8B /* LocationButton.swift */,
				B9A4D3522DC6C8CE00AB48BF /* BackgroundButtonView.swift */,
				B9A4D3502DC6C28700AB48BF /* MenuButton.swift */,
				B935E5F22DC6718C0046FEBC /* NUMapView.swift */,
			);
			path = View;
			sourceTree = "<group>";
		};
		B935E5FA2DC6718C0046FEBC /* NUMap */ = {
			isa = PBXGroup;
			children = (
				B97A74FA2DDF41CB000B8F8B /* MapPage */,
				B97A74FB2DDF43A1000B8F8B /* ListPage */,
				B935E5F52DC6718C0046FEBC /* Assets.xcassets */,
				B935E5F42DC6718C0046FEBC /* AppDelegate.swift */,
				B935E5F62DC6718C0046FEBC /* Info.plist */,
				B935E5F82DC6718C0046FEBC /* NUMap.xcdatamodeld */,
				B935E5F92DC6718C0046FEBC /* SceneDelegate.swift */,
			);
			path = NUMap;
			sourceTree = "<group>";
		};
		B956C7E02D6A463400FF0D3A = {
			isa = PBXGroup;
			children = (
				B935E5FA2DC6718C0046FEBC /* NUMap */,
				B956C7EA2D6A463400FF0D3A /* Products */,
			);
			sourceTree = "<group>";
		};
		B956C7EA2D6A463400FF0D3A /* Products */ = {
			isa = PBXGroup;
			children = (
				B956C7E92D6A463400FF0D3A /* NUMap.app */,
			);
			name = Products;
			sourceTree = "<group>";
		};
		B97A74FA2DDF41CB000B8F8B /* MapPage */ = {
			isa = PBXGroup;
			children = (
				B935E5F32DC6718C0046FEBC /* View */,
				B935E5F72DC6718C0046FEBC /* MapViewController.swift */,
			);
			path = MapPage;
			sourceTree = "<group>";
		};
		B97A74FB2DDF43A1000B8F8B /* ListPage */ = {
			isa = PBXGroup;
			children = (
				B97A74FC2DDF43B2000B8F8B /* ListViewController.swift */,
			);
			path = ListPage;
			sourceTree = "<group>";
		};
/* End PBXGroup section */

/* Begin PBXNativeTarget section */
		B956C7E82D6A463400FF0D3A /* NUMap */ = {
			isa = PBXNativeTarget;
			buildConfigurationList = B956C7FF2D6A463600FF0D3A /* Build configuration list for PBXNativeTarget "NUMap" */;
			buildPhases = (
				B956C7E52D6A463400FF0D3A /* Sources */,
				B956C7E62D6A463400FF0D3A /* Frameworks */,
				B956C7E72D6A463400FF0D3A /* Resources */,
			);
			buildRules = (
			);
			dependencies = (
			);
			name = NUMap;
			packageProductDependencies = (
			);
			productName = NUMap;
			productReference = B956C7E92D6A463400FF0D3A /* NUMap.app */;
			productType = "com.apple.product-type.application";
		};
/* End PBXNativeTarget section */

/* Begin PBXProject section */
		B956C7E12D6A463400FF0D3A /* Project object */ = {
			isa = PBXProject;
			attributes = {
				BuildIndependentTargetsInParallel = 1;
				LastSwiftUpdateCheck = 1610;
				LastUpgradeCheck = 1610;
				TargetAttributes = {
					B956C7E82D6A463400FF0D3A = {
						CreatedOnToolsVersion = 16.1;
					};
				};
			};
			buildConfigurationList = B956C7E42D6A463400FF0D3A /* Build configuration list for PBXProject "NUMap" */;
			developmentRegion = en;
			hasScannedForEncodings = 0;
			knownRegions = (
				en,
				Base,
			);
			mainGroup = B956C7E02D6A463400FF0D3A;
			minimizedProjectReferenceProxies = 1;
			preferredProjectObjectVersion = 77;
			productRefGroup = B956C7EA2D6A463400FF0D3A /* Products */;
			projectDirPath = "";
			projectRoot = "";
			targets = (
				B956C7E82D6A463400FF0D3A /* NUMap */,
			);
		};
/* End PBXProject section */

/* Begin PBXResourcesBuildPhase section */
		B956C7E72D6A463400FF0D3A /* Resources */ = {
			isa = PBXResourcesBuildPhase;
			buildActionMask = 2147483647;
			files = (
				B935E5FC2DC6718C0046FEBC /* Assets.xcassets in Resources */,
			);
			runOnlyForDeploymentPostprocessing = 0;
		};
/* End PBXResourcesBuildPhase section */

/* Begin PBXSourcesBuildPhase section */
		B956C7E52D6A463400FF0D3A /* Sources */ = {
			isa = PBXSourcesBuildPhase;
			buildActionMask = 2147483647;
			files = (
				B935E5FE2DC6718C0046FEBC /* NUMapView.swift in Sources */,
				B935E5FF2DC6718C0046FEBC /* AppDelegate.swift in Sources */,
				B935E6002DC6718C0046FEBC /* MapViewController.swift in Sources */,
				B935E6012DC6718C0046FEBC /* NUMap.xcdatamodeld in Sources */,
				B97A74F92DDF3874000B8F8B /* LocationButton.swift in Sources */,
				B97A74FD2DDF43B6000B8F8B /* ListViewController.swift in Sources */,
				B9A4D3532DC6C8D600AB48BF /* BackgroundButtonView.swift in Sources */,
				B9A4D3512DC6C28E00AB48BF /* MenuButton.swift in Sources */,
				B935E6022DC6718C0046FEBC /* SceneDelegate.swift in Sources */,
			);
			runOnlyForDeploymentPostprocessing = 0;
		};
/* End PBXSourcesBuildPhase section */

/* Begin XCBuildConfiguration section */
		B956C8002D6A463600FF0D3A /* Debug */ = {
			isa = XCBuildConfiguration;
			buildSettings = {
				ASSETCATALOG_COMPILER_APPICON_NAME = AppIcon;
				ASSETCATALOG_COMPILER_GLOBAL_ACCENT_COLOR_NAME = AccentColor;
				CODE_SIGN_STYLE = Automatic;
				CURRENT_PROJECT_VERSION = 1;
				GENERATE_INFOPLIST_FILE = YES;
				INFOPLIST_FILE = NUMap/Info.plist;
				INFOPLIST_KEY_UIApplicationSupportsIndirectInputEvents = YES;
				INFOPLIST_KEY_UILaunchStoryboardName = LaunchScreen;
				INFOPLIST_KEY_UISupportedInterfaceOrientations_iPad = "UIInterfaceOrientationPortrait UIInterfaceOrientationPortraitUpsideDown UIInterfaceOrientationLandscapeLeft UIInterfaceOrientationLandscapeRight";
				INFOPLIST_KEY_UISupportedInterfaceOrientations_iPhone = "UIInterfaceOrientationPortrait UIInterfaceOrientationLandscapeLeft UIInterfaceOrientationLandscapeRight";
				LD_RUNPATH_SEARCH_PATHS = (
					"$(inherited)",
					"@executable_path/Frameworks",
				);
				MARKETING_VERSION = 1.0;
				PRODUCT_BUNDLE_IDENTIFIER = com.diaskaussov.NUMap;
				PRODUCT_NAME = "$(TARGET_NAME)";
				SWIFT_EMIT_LOC_STRINGS = YES;
				SWIFT_VERSION = 5.0;
				TARGETED_DEVICE_FAMILY = "1,2";
			};
			name = Debug;
		};
		B956C8012D6A463600FF0D3A /* Release */ = {
			isa = XCBuildConfiguration;
			buildSettings = {
				ASSETCATALOG_COMPILER_APPICON_NAME = AppIcon;
				ASSETCATALOG_COMPILER_GLOBAL_ACCENT_COLOR_NAME = AccentColor;
				CODE_SIGN_STYLE = Automatic;
				CURRENT_PROJECT_VERSION = 1;
				GENERATE_INFOPLIST_FILE = YES;
				INFOPLIST_FILE = NUMap/Info.plist;
				INFOPLIST_KEY_UIApplicationSupportsIndirectInputEvents = YES;
				INFOPLIST_KEY_UILaunchStoryboardName = LaunchScreen;
				INFOPLIST_KEY_UISupportedInterfaceOrientations_iPad = "UIInterfaceOrientationPortrait UIInterfaceOrientationPortraitUpsideDown UIInterfaceOrientationLandscapeLeft UIInterfaceOrientationLandscapeRight";
				INFOPLIST_KEY_UISupportedInterfaceOrientations_iPhone = "UIInterfaceOrientationPortrait UIInterfaceOrientationLandscapeLeft UIInterfaceOrientationLandscapeRight";
				LD_RUNPATH_SEARCH_PATHS = (
					"$(inherited)",
					"@executable_path/Frameworks",
				);
				MARKETING_VERSION = 1.0;
				PRODUCT_BUNDLE_IDENTIFIER = com.diaskaussov.NUMap;
				PRODUCT_NAME = "$(TARGET_NAME)";
				SWIFT_EMIT_LOC_STRINGS = YES;
				SWIFT_VERSION = 5.0;
				TARGETED_DEVICE_FAMILY = "1,2";
			};
			name = Release;
		};
		B956C8022D6A463600FF0D3A /* Debug */ = {
			isa = XCBuildConfiguration;
			buildSettings = {
				ALWAYS_SEARCH_USER_PATHS = NO;
				ASSETCATALOG_COMPILER_GENERATE_SWIFT_ASSET_SYMBOL_EXTENSIONS = YES;
				CLANG_ANALYZER_NONNULL = YES;
				CLANG_ANALYZER_NUMBER_OBJECT_CONVERSION = YES_AGGRESSIVE;
				CLANG_CXX_LANGUAGE_STANDARD = "gnu++20";
				CLANG_ENABLE_MODULES = YES;
				CLANG_ENABLE_OBJC_ARC = YES;
				CLANG_ENABLE_OBJC_WEAK = YES;
				CLANG_WARN_BLOCK_CAPTURE_AUTORELEASING = YES;
				CLANG_WARN_BOOL_CONVERSION = YES;
				CLANG_WARN_COMMA = YES;
				CLANG_WARN_CONSTANT_CONVERSION = YES;
				CLANG_WARN_DEPRECATED_OBJC_IMPLEMENTATIONS = YES;
				CLANG_WARN_DIRECT_OBJC_ISA_USAGE = YES_ERROR;
				CLANG_WARN_DOCUMENTATION_COMMENTS = YES;
				CLANG_WARN_EMPTY_BODY = YES;
				CLANG_WARN_ENUM_CONVERSION = YES;
				CLANG_WARN_INFINITE_RECURSION = YES;
				CLANG_WARN_INT_CONVERSION = YES;
				CLANG_WARN_NON_LITERAL_NULL_CONVERSION = YES;
				CLANG_WARN_OBJC_IMPLICIT_RETAIN_SELF = YES;
				CLANG_WARN_OBJC_LITERAL_CONVERSION = YES;
				CLANG_WARN_OBJC_ROOT_CLASS = YES_ERROR;
				CLANG_WARN_QUOTED_INCLUDE_IN_FRAMEWORK_HEADER = YES;
				CLANG_WARN_RANGE_LOOP_ANALYSIS = YES;
				CLANG_WARN_STRICT_PROTOTYPES = YES;
				CLANG_WARN_SUSPICIOUS_MOVE = YES;
				CLANG_WARN_UNGUARDED_AVAILABILITY = YES_AGGRESSIVE;
				CLANG_WARN_UNREACHABLE_CODE = YES;
				CLANG_WARN__DUPLICATE_METHOD_MATCH = YES;
				COPY_PHASE_STRIP = NO;
				DEBUG_INFORMATION_FORMAT = dwarf;
				ENABLE_STRICT_OBJC_MSGSEND = YES;
				ENABLE_TESTABILITY = YES;
				ENABLE_USER_SCRIPT_SANDBOXING = YES;
				GCC_C_LANGUAGE_STANDARD = gnu17;
				GCC_DYNAMIC_NO_PIC = NO;
				GCC_NO_COMMON_BLOCKS = YES;
				GCC_OPTIMIZATION_LEVEL = 0;
				GCC_PREPROCESSOR_DEFINITIONS = (
					"DEBUG=1",
					"$(inherited)",
				);
				GCC_WARN_64_TO_32_BIT_CONVERSION = YES;
				GCC_WARN_ABOUT_RETURN_TYPE = YES_ERROR;
				GCC_WARN_UNDECLARED_SELECTOR = YES;
				GCC_WARN_UNINITIALIZED_AUTOS = YES_AGGRESSIVE;
				GCC_WARN_UNUSED_FUNCTION = YES;
				GCC_WARN_UNUSED_VARIABLE = YES;
				IPHONEOS_DEPLOYMENT_TARGET = 18.1;
				LOCALIZATION_PREFERS_STRING_CATALOGS = YES;
				MTL_ENABLE_DEBUG_INFO = INCLUDE_SOURCE;
				MTL_FAST_MATH = YES;
				ONLY_ACTIVE_ARCH = YES;
				SDKROOT = iphoneos;
				SWIFT_ACTIVE_COMPILATION_CONDITIONS = "DEBUG $(inherited)";
				SWIFT_OPTIMIZATION_LEVEL = "-Onone";
			};
			name = Debug;
		};
		B956C8032D6A463600FF0D3A /* Release */ = {
			isa = XCBuildConfiguration;
			buildSettings = {
				ALWAYS_SEARCH_USER_PATHS = NO;
				ASSETCATALOG_COMPILER_GENERATE_SWIFT_ASSET_SYMBOL_EXTENSIONS = YES;
				CLANG_ANALYZER_NONNULL = YES;
				CLANG_ANALYZER_NUMBER_OBJECT_CONVERSION = YES_AGGRESSIVE;
				CLANG_CXX_LANGUAGE_STANDARD = "gnu++20";
				CLANG_ENABLE_MODULES = YES;
				CLANG_ENABLE_OBJC_ARC = YES;
				CLANG_ENABLE_OBJC_WEAK = YES;
				CLANG_WARN_BLOCK_CAPTURE_AUTORELEASING = YES;
				CLANG_WARN_BOOL_CONVERSION = YES;
				CLANG_WARN_COMMA = YES;
				CLANG_WARN_CONSTANT_CONVERSION = YES;
				CLANG_WARN_DEPRECATED_OBJC_IMPLEMENTATIONS = YES;
				CLANG_WARN_DIRECT_OBJC_ISA_USAGE = YES_ERROR;
				CLANG_WARN_DOCUMENTATION_COMMENTS = YES;
				CLANG_WARN_EMPTY_BODY = YES;
				CLANG_WARN_ENUM_CONVERSION = YES;
				CLANG_WARN_INFINITE_RECURSION = YES;
				CLANG_WARN_INT_CONVERSION = YES;
				CLANG_WARN_NON_LITERAL_NULL_CONVERSION = YES;
				CLANG_WARN_OBJC_IMPLICIT_RETAIN_SELF = YES;
				CLANG_WARN_OBJC_LITERAL_CONVERSION = YES;
				CLANG_WARN_OBJC_ROOT_CLASS = YES_ERROR;
				CLANG_WARN_QUOTED_INCLUDE_IN_FRAMEWORK_HEADER = YES;
				CLANG_WARN_RANGE_LOOP_ANALYSIS = YES;
				CLANG_WARN_STRICT_PROTOTYPES = YES;
				CLANG_WARN_SUSPICIOUS_MOVE = YES;
				CLANG_WARN_UNGUARDED_AVAILABILITY = YES_AGGRESSIVE;
				CLANG_WARN_UNREACHABLE_CODE = YES;
				CLANG_WARN__DUPLICATE_METHOD_MATCH = YES;
				COPY_PHASE_STRIP = NO;
				DEBUG_INFORMATION_FORMAT = "dwarf-with-dsym";
				ENABLE_NS_ASSERTIONS = NO;
				ENABLE_STRICT_OBJC_MSGSEND = YES;
				ENABLE_USER_SCRIPT_SANDBOXING = YES;
				GCC_C_LANGUAGE_STANDARD = gnu17;
				GCC_NO_COMMON_BLOCKS = YES;
				GCC_WARN_64_TO_32_BIT_CONVERSION = YES;
				GCC_WARN_ABOUT_RETURN_TYPE = YES_ERROR;
				GCC_WARN_UNDECLARED_SELECTOR = YES;
				GCC_WARN_UNINITIALIZED_AUTOS = YES_AGGRESSIVE;
				GCC_WARN_UNUSED_FUNCTION = YES;
				GCC_WARN_UNUSED_VARIABLE = YES;
				IPHONEOS_DEPLOYMENT_TARGET = 18.1;
				LOCALIZATION_PREFERS_STRING_CATALOGS = YES;
				MTL_ENABLE_DEBUG_INFO = NO;
				MTL_FAST_MATH = YES;
				SDKROOT = iphoneos;
				SWIFT_COMPILATION_MODE = wholemodule;
				VALIDATE_PRODUCT = YES;
			};
			name = Release;
		};
/* End XCBuildConfiguration section */

/* Begin XCConfigurationList section */
		B956C7E42D6A463400FF0D3A /* Build configuration list for PBXProject "NUMap" */ = {
			isa = XCConfigurationList;
			buildConfigurations = (
				B956C8022D6A463600FF0D3A /* Debug */,
				B956C8032D6A463600FF0D3A /* Release */,
			);
			defaultConfigurationIsVisible = 0;
			defaultConfigurationName = Release;
		};
		B956C7FF2D6A463600FF0D3A /* Build configuration list for PBXNativeTarget "NUMap" */ = {
			isa = XCConfigurationList;
			buildConfigurations = (
				B956C8002D6A463600FF0D3A /* Debug */,
				B956C8012D6A463600FF0D3A /* Release */,
			);
			defaultConfigurationIsVisible = 0;
			defaultConfigurationName = Release;
		};
/* End XCConfigurationList section */

/* Begin XCVersionGroup section */
		B935E5F82DC6718C0046FEBC /* NUMap.xcdatamodeld */ = {
			isa = XCVersionGroup;
			children = (
				B935E5FB2DC6718C0046FEBC /* NUMap.xcdatamodel */,
			);
			currentVersion = B935E5FB2DC6718C0046FEBC /* NUMap.xcdatamodel */;
			path = NUMap.xcdatamodeld;
			sourceTree = "<group>";
			versionGroupType = wrapper.xcdatamodel;
		};
/* End XCVersionGroup section */
	};
	rootObject = B956C7E12D6A463400FF0D3A /* Project object */;
}
